
Microsoft Visual Studio Solution File, Format Version 12.00
# Visual Studio Version 17
VisualStudioVersion = 17.7.34024.191
MinimumVisualStudioVersion = 10.0.40219.1
Project("{FAE04EC0-301F-11D3-BF4B-00C04F79EFBC}") = "Phoneword", "Phoneword.csproj", "{F7E7C2D4-B2D0-4EDE-889D-98956DFDB63D}"
EndProject
Global
	GlobalSection(SolutionConfigurationPlatforms) = preSolution
		Debug|Any CPU = Debug|Any CPU
		Release|Any CPU = Release|Any CPU
	EndGlobalSection
	GlobalSection(ProjectConfigurationPlatforms) = postSolution
		{F7E7C2D4-B2D0-4EDE-889D-98956DFDB63D}.Debug|Any CPU.ActiveCfg = Debug|Any CPU
		{F7E7C2D4-B2D0-4EDE-889D-98956DFDB63D}.Debug|Any CPU.Build.0 = Debug|Any CPU
		{F7E7C2D4-B2D0-4EDE-889D-98956DFDB63D}.Debug|Any CPU.Deploy.0 = Debug|Any CPU
		{F7E7C2D4-B2D0-4EDE-889D-98956DFDB63D}.Release|Any CPU.ActiveCfg = Release|Any CPU
		{F7E7C2D4-B2D0-4EDE-889D-98956DFDB63D}.Release|Any CPU.Build.0 = Release|Any CPU
		{F7E7C2D4-B2D0-4EDE-889D-98956DFDB63D}.Release|Any CPU.Deploy.0 = Release|Any CPU
	EndGlobalSection
	GlobalSection(SolutionProperties) = preSolution
		HideSolutionNode = FALSE
	EndGlobalSection
	GlobalSection(ExtensibilityGlobals) = postSolution
		SolutionGuid = {667E7844-8985-4800-A8A2-E0A1CF9E91F2}
	EndGlobalSection
EndGlobal
